
Microsoft Visual Studio Solution File, Format Version 12.00
# Visual Studio Version 17
VisualStudioVersion = 17.4.33122.133
MinimumVisualStudioVersion = 10.0.40219.1
Project("{FAE04EC0-301F-11D3-BF4B-00C04F79EFBC}") = "WindowsFormsApp13", "WindowsFormsApp13\WindowsFormsApp13.csproj", "{CEC98260-4E7B-4F96-9577-77B49679690C}"
EndProject
Global
	GlobalSection(SolutionConfigurationPlatforms) = preSolution
		Debug|Any CPU = Debug|Any CPU
		Release|Any CPU = Release|Any CPU
	EndGlobalSection
	GlobalSection(ProjectConfigurationPlatforms) = postSolution
		{CEC98260-4E7B-4F96-9577-77B49679690C}.Debug|Any CPU.ActiveCfg = Debug|Any CPU
		{CEC98260-4E7B-4F96-9577-77B49679690C}.Debug|Any CPU.Build.0 = Debug|Any CPU
		{CEC98260-4E7B-4F96-9577-77B49679690C}.Release|Any CPU.ActiveCfg = Release|Any CPU
		{CEC98260-4E7B-4F96-9577-77B49679690C}.Release|Any CPU.Build.0 = Release|Any CPU
	EndGlobalSection
	GlobalSection(SolutionProperties) = preSolution
		HideSolutionNode = FALSE
	EndGlobalSection
	GlobalSection(ExtensibilityGlobals) = postSolution
		SolutionGuid = {E93164F8-F32C-40FE-BC6B-F31153D140A2}
	EndGlobalSection
EndGlobal
